{
	"name": "html-feed-example-server",
	"version": "1.0.0",
	"lockfileVersion": 2,
	"requires": true,
	"packages": {
		"": {
			"name": "html-feed-example-server",
			"version": "1.0.0",
			"license": "Unlicense",
			"dependencies": {
				"@types/node": "^20.8.7",
				"txtgen": "^3.0.6"
			}
		},
		"node_modules/@types/node": {
			"version": "20.8.7",
			"resolved": "https://registry.npmjs.org/@types/node/-/node-20.8.7.tgz",
			"integrity": "sha512-21TKHHh3eUHIi2MloeptJWALuCu5H7HQTdTrWIFReA8ad+aggoX+lRes3ex7/FtpC+sVUpFMQ+QTfYr74mruiQ==",
			"dependencies": {
				"undici-types": "~5.25.1"
			}
		},
		"node_modules/txtgen": {
			"version": "3.0.6",
			"resolved": "https://registry.npmjs.org/txtgen/-/txtgen-3.0.6.tgz",
			"integrity": "sha512-5beXLv3Z6VYtoefq9tUny0tKx2qB03MXkoSJQhMcvqdt+ZN5XL26o1Wa5TsCUWYLEm9caJK5LvMQu5cJEUUtOw==",
			"engines": {
				"node": ">= 14"
			}
		},
		"node_modules/undici-types": {
			"version": "5.25.3",
			"resolved": "https://registry.npmjs.org/undici-types/-/undici-types-5.25.3.tgz",
			"integrity": "sha512-Ga1jfYwRn7+cP9v8auvEXN1rX3sWqlayd4HP7OKk4mZWylEmu3KzXDUGrQUN6Ol7qo1gPvB2e5gX6udnyEPgdA=="
		}
	},
	"dependencies": {
		"@types/node": {
			"version": "20.8.7",
			"resolved": "https://registry.npmjs.org/@types/node/-/node-20.8.7.tgz",
			"integrity": "sha512-21TKHHh3eUHIi2MloeptJWALuCu5H7HQTdTrWIFReA8ad+aggoX+lRes3ex7/FtpC+sVUpFMQ+QTfYr74mruiQ==",
			"requires": {
				"undici-types": "~5.25.1"
			}
		},
		"txtgen": {
			"version": "3.0.6",
			"resolved": "https://registry.npmjs.org/txtgen/-/txtgen-3.0.6.tgz",
			"integrity": "sha512-5beXLv3Z6VYtoefq9tUny0tKx2qB03MXkoSJQhMcvqdt+ZN5XL26o1Wa5TsCUWYLEm9caJK5LvMQu5cJEUUtOw=="
		},
		"undici-types": {
			"version": "5.25.3",
			"resolved": "https://registry.npmjs.org/undici-types/-/undici-types-5.25.3.tgz",
			"integrity": "sha512-Ga1jfYwRn7+cP9v8auvEXN1rX3sWqlayd4HP7OKk4mZWylEmu3KzXDUGrQUN6Ol7qo1gPvB2e5gX6udnyEPgdA=="
		}
	}
}
